
Microsoft Visual Studio Solution File, Format Version 12.00
# Visual Studio Version 16
VisualStudioVersion = 16.0.31624.102
MinimumVisualStudioVersion = 10.0.40219.1
Project("{9A19103F-16F7-4668-BE54-9A1E7A4F7556}") = "ProblemSolving", "ProblemSolving.csproj", "{57DB1A7B-129C-4A91-992B-E1B2D42B9AB0}"
EndProject
Global
	GlobalSection(SolutionConfigurationPlatforms) = preSolution
		Debug|Any CPU = Debug|Any CPU
		Release|Any CPU = Release|Any CPU
	EndGlobalSection
	GlobalSection(ProjectConfigurationPlatforms) = postSolution
		{57DB1A7B-129C-4A91-992B-E1B2D42B9AB0}.Debug|Any CPU.ActiveCfg = Debug|Any CPU
		{57DB1A7B-129C-4A91-992B-E1B2D42B9AB0}.Debug|Any CPU.Build.0 = Debug|Any CPU
		{57DB1A7B-129C-4A91-992B-E1B2D42B9AB0}.Release|Any CPU.ActiveCfg = Release|Any CPU
		{57DB1A7B-129C-4A91-992B-E1B2D42B9AB0}.Release|Any CPU.Build.0 = Release|Any CPU
	EndGlobalSection
	GlobalSection(SolutionProperties) = preSolution
		HideSolutionNode = FALSE
	EndGlobalSection
	GlobalSection(ExtensibilityGlobals) = postSolution
		SolutionGuid = {DCDFD0CF-9D1D-4AA8-AA09-F67FA49CC2FD}
	EndGlobalSection
EndGlobal
